
Microsoft Visual Studio Solution File, Format Version 12.00
# Visual Studio Version 17
VisualStudioVersion = 17.0.31423.177
MinimumVisualStudioVersion = 10.0.40219.1
Project("{2150E333-8FDC-42A3-9474-1A3956D46DE8}") = "src", "src", "{E7647CEF-310D-4841-AC21-2F1A43B7D15B}"
EndProject
Project("{9A19103F-16F7-4668-BE54-9A1E7A4F7556}") = "01.AioCore.API", "src\AioCore.API\01.AioCore.API.csproj", "{3BAD4DDC-B973-41C0-94EB-C47EDD608A75}"
EndProject
Project("{9A19103F-16F7-4668-BE54-9A1E7A4F7556}") = "02.AioCore.Application", "src\AioCore.Application\02.AioCore.Application.csproj", "{8D745BA0-BBAC-416A-AA5A-52DE780B551E}"
EndProject
Project("{9A19103F-16F7-4668-BE54-9A1E7A4F7556}") = "04.AioCore.Domain", "src\AioCore.Domain\04.AioCore.Domain.csproj", "{E47EC40A-F9CB-4549-8F2A-2F3D5A79FB81}"
EndProject
Project("{9A19103F-16F7-4668-BE54-9A1E7A4F7556}") = "03.AioCore.Infrastructure", "src\AioCore.Infrastructure\03.AioCore.Infrastructure.csproj", "{DA50574B-9022-4361-98AD-FA9347213C92}"
EndProject
Project("{9A19103F-16F7-4668-BE54-9A1E7A4F7556}") = "05.AioCore.Shared", "src\AioCore.Shared\05.AioCore.Shared.csproj", "{C663ABC9-486E-4F25-8489-0E656BFB261B}"
EndProject
Project("{2150E333-8FDC-42A3-9474-1A3956D46DE8}") = "AioCore.Packages", "AioCore.Packages", "{D1D71B6B-AD2B-4719-8D6B-2FC05A5DB6AB}"
EndProject
Project("{9A19103F-16F7-4668-BE54-9A1E7A4F7556}") = "Package.Mongo", "src\AioCore.Packages\Package.Mongo\Package.Mongo.csproj", "{C8417A18-67DA-4F5F-9B66-65B9112EFC82}"
EndProject
Project("{9A19103F-16F7-4668-BE54-9A1E7A4F7556}") = "Package.Redis", "src\AioCore.Packages\Package.Redis\Package.Redis.csproj", "{F503A127-34DB-4CEA-9E5E-04D406601467}"
EndProject
Project("{9A19103F-16F7-4668-BE54-9A1E7A4F7556}") = "Package.NestedSet", "src\AioCore.Packages\Package.NestedSet\Package.NestedSet.csproj", "{E5971232-B20C-4C13-8167-65DF36F26A1A}"
EndProject
Project("{E53339B2-1760-4266-BCC7-CA923CBCF16C}") = "docker-compose", "docker-compose.dcproj", "{2C0CEE1B-A672-43B9-B763-62B4B4668A2D}"
EndProject
Project("{9A19103F-16F7-4668-BE54-9A1E7A4F7556}") = "Package.EventBus", "src\AioCore.Packages\Package.EventBus\Package.EventBus.csproj", "{ABE9B8AB-6210-4426-9149-668296319FF1}"
EndProject
Project("{9A19103F-16F7-4668-BE54-9A1E7A4F7556}") = "Package.Elasticsearch", "src\AioCore.Packages\Package.Elasticsearch\Package.Elasticsearch.csproj", "{D4F71B22-EB40-42EC-9049-481AF8D35CA8}"
EndProject
Project("{9A19103F-16F7-4668-BE54-9A1E7A4F7556}") = "Package.Extensions", "src\AioCore.Packages\Package.Extensions\Package.Extensions.csproj", "{07592FF3-7D3A-4E19-BC2E-66F6772121BB}"
EndProject
Project("{9A19103F-16F7-4668-BE54-9A1E7A4F7556}") = "Package.FileServer", "src\AioCore.Packages\Package.FileServer\Package.FileServer.csproj", "{7F577448-A64A-460C-AFDA-D68B2CED0BF3}"
EndProject
Project("{9A19103F-16F7-4668-BE54-9A1E7A4F7556}") = "Package.AutoMapper", "src\AioCore.Packages\Package.AutoMapper\Package.AutoMapper.csproj", "{2A7A8044-E4AC-46E7-BCCA-4CFC5D74FAF5}"
EndProject
Project("{9A19103F-16F7-4668-BE54-9A1E7A4F7556}") = "Package.Localization", "src\AioCore.Packages\Package.Localization\Package.Localization.csproj", "{D4F15F39-603C-425F-8BC4-493A2CFE5737}"
EndProject
Project("{9A19103F-16F7-4668-BE54-9A1E7A4F7556}") = "AioCore.BackgroundTasks", "src\AioCore.BackgroundTasks\AioCore.BackgroundTasks.csproj", "{41785E56-1333-424D-8EE4-A90969F4FF41}"
EndProject
Project("{9A19103F-16F7-4668-BE54-9A1E7A4F7556}") = "Package.DatabaseManagement", "src\AioCore.Packages\Package.DatabaseManagement\Package.DatabaseManagement.csproj", "{3D29C2C0-4CDB-4BE3-AB32-1BA190B32C44}"
EndProject
Project("{2150E333-8FDC-42A3-9474-1A3956D46DE8}") = "Migrations", "Migrations", "{7D9FF154-E484-49B4-986E-7740CAAB3E7D}"
EndProject
Project("{9A19103F-16F7-4668-BE54-9A1E7A4F7556}") = "DynamicMigrations.MsSql", "src\DynamicMigrations.MsSql\DynamicMigrations.MsSql.csproj", "{B4E135EB-B4D6-433C-A6F5-9176B402896B}"
EndProject
Project("{9A19103F-16F7-4668-BE54-9A1E7A4F7556}") = "DynamicMigrations.PostgresSql", "src\DynamicMigrations.PostgresSql\DynamicMigrations.PostgresSql.csproj", "{4C6F62B9-A891-469C-9071-455051F8CB6F}"
EndProject
Project("{9A19103F-16F7-4668-BE54-9A1E7A4F7556}") = "AioCore.ViewRender", "src\AioCore.ViewRender\AioCore.ViewRender.csproj", "{852B6C68-1ACB-437D-94BD-6E00A37ECB5B}"
EndProject
Project("{9A19103F-16F7-4668-BE54-9A1E7A4F7556}") = "AioCore.ActionProcessors", "src\AioCore.ActionProcessors\AioCore.ActionProcessors.csproj", "{DD36522C-CF2E-4813-83B3-A60D85BCAF11}"
EndProject
Project("{FAE04EC0-301F-11D3-BF4B-00C04F79EFBC}") = "AioCore.Mediator", "src\AioCore.Packages\AioCore.Mediator\AioCore.Mediator.csproj", "{71E8E3DB-7161-4763-A90E-3744403C6FDC}"
EndProject
Global
	GlobalSection(SolutionConfigurationPlatforms) = preSolution
		Debug|Any CPU = Debug|Any CPU
		Debug|x64 = Debug|x64
		Debug|x86 = Debug|x86
		Release|Any CPU = Release|Any CPU
		Release|x64 = Release|x64
		Release|x86 = Release|x86
	EndGlobalSection
	GlobalSection(ProjectConfigurationPlatforms) = postSolution
		{3BAD4DDC-B973-41C0-94EB-C47EDD608A75}.Debug|Any CPU.ActiveCfg = Debug|Any CPU
		{3BAD4DDC-B973-41C0-94EB-C47EDD608A75}.Debug|Any CPU.Build.0 = Debug|Any CPU
		{3BAD4DDC-B973-41C0-94EB-C47EDD608A75}.Debug|x64.ActiveCfg = Debug|Any CPU
		{3BAD4DDC-B973-41C0-94EB-C47EDD608A75}.Debug|x64.Build.0 = Debug|Any CPU
		{3BAD4DDC-B973-41C0-94EB-C47EDD608A75}.Debug|x86.ActiveCfg = Debug|Any CPU
		{3BAD4DDC-B973-41C0-94EB-C47EDD608A75}.Debug|x86.Build.0 = Debug|Any CPU
		{3BAD4DDC-B973-41C0-94EB-C47EDD608A75}.Release|Any CPU.ActiveCfg = Release|Any CPU
		{3BAD4DDC-B973-41C0-94EB-C47EDD608A75}.Release|Any CPU.Build.0 = Release|Any CPU
		{3BAD4DDC-B973-41C0-94EB-C47EDD608A75}.Release|x64.ActiveCfg = Release|Any CPU
		{3BAD4DDC-B973-41C0-94EB-C47EDD608A75}.Release|x64.Build.0 = Release|Any CPU
		{3BAD4DDC-B973-41C0-94EB-C47EDD608A75}.Release|x86.ActiveCfg = Release|Any CPU
		{3BAD4DDC-B973-41C0-94EB-C47EDD608A75}.Release|x86.Build.0 = Release|Any CPU
		{8D745BA0-BBAC-416A-AA5A-52DE780B551E}.Debug|Any CPU.ActiveCfg = Debug|Any CPU
		{8D745BA0-BBAC-416A-AA5A-52DE780B551E}.Debug|Any CPU.Build.0 = Debug|Any CPU
		{8D745BA0-BBAC-416A-AA5A-52DE780B551E}.Debug|x64.ActiveCfg = Debug|Any CPU
		{8D745BA0-BBAC-416A-AA5A-52DE780B551E}.Debug|x64.Build.0 = Debug|Any CPU
		{8D745BA0-BBAC-416A-AA5A-52DE780B551E}.Debug|x86.ActiveCfg = Debug|Any CPU
		{8D745BA0-BBAC-416A-AA5A-52DE780B551E}.Debug|x86.Build.0 = Debug|Any CPU
		{8D745BA0-BBAC-416A-AA5A-52DE780B551E}.Release|Any CPU.ActiveCfg = Release|Any CPU
		{8D745BA0-BBAC-416A-AA5A-52DE780B551E}.Release|Any CPU.Build.0 = Release|Any CPU
		{8D745BA0-BBAC-416A-AA5A-52DE780B551E}.Release|x64.ActiveCfg = Release|Any CPU
		{8D745BA0-BBAC-416A-AA5A-52DE780B551E}.Release|x64.Build.0 = Release|Any CPU
		{8D745BA0-BBAC-416A-AA5A-52DE780B551E}.Release|x86.ActiveCfg = Release|Any CPU
		{8D745BA0-BBAC-416A-AA5A-52DE780B551E}.Release|x86.Build.0 = Release|Any CPU
		{E47EC40A-F9CB-4549-8F2A-2F3D5A79FB81}.Debug|Any CPU.ActiveCfg = Debug|Any CPU
		{E47EC40A-F9CB-4549-8F2A-2F3D5A79FB81}.Debug|Any CPU.Build.0 = Debug|Any CPU
		{E47EC40A-F9CB-4549-8F2A-2F3D5A79FB81}.Debug|x64.ActiveCfg = Debug|Any CPU
		{E47EC40A-F9CB-4549-8F2A-2F3D5A79FB81}.Debug|x64.Build.0 = Debug|Any CPU
		{E47EC40A-F9CB-4549-8F2A-2F3D5A79FB81}.Debug|x86.ActiveCfg = Debug|Any CPU
		{E47EC40A-F9CB-4549-8F2A-2F3D5A79FB81}.Debug|x86.Build.0 = Debug|Any CPU
		{E47EC40A-F9CB-4549-8F2A-2F3D5A79FB81}.Release|Any CPU.ActiveCfg = Release|Any CPU
		{E47EC40A-F9CB-4549-8F2A-2F3D5A79FB81}.Release|Any CPU.Build.0 = Release|Any CPU
		{E47EC40A-F9CB-4549-8F2A-2F3D5A79FB81}.Release|x64.ActiveCfg = Release|Any CPU
		{E47EC40A-F9CB-4549-8F2A-2F3D5A79FB81}.Release|x64.Build.0 = Release|Any CPU
		{E47EC40A-F9CB-4549-8F2A-2F3D5A79FB81}.Release|x86.ActiveCfg = Release|Any CPU
		{E47EC40A-F9CB-4549-8F2A-2F3D5A79FB81}.Release|x86.Build.0 = Release|Any CPU
		{DA50574B-9022-4361-98AD-FA9347213C92}.Debug|Any CPU.ActiveCfg = Debug|Any CPU
		{DA50574B-9022-4361-98AD-FA9347213C92}.Debug|Any CPU.Build.0 = Debug|Any CPU
		{DA50574B-9022-4361-98AD-FA9347213C92}.Debug|x64.ActiveCfg = Debug|Any CPU
		{DA50574B-9022-4361-98AD-FA9347213C92}.Debug|x64.Build.0 = Debug|Any CPU
		{DA50574B-9022-4361-98AD-FA9347213C92}.Debug|x86.ActiveCfg = Debug|Any CPU
		{DA50574B-9022-4361-98AD-FA9347213C92}.Debug|x86.Build.0 = Debug|Any CPU
		{DA50574B-9022-4361-98AD-FA9347213C92}.Release|Any CPU.ActiveCfg = Release|Any CPU
		{DA50574B-9022-4361-98AD-FA9347213C92}.Release|Any CPU.Build.0 = Release|Any CPU
		{DA50574B-9022-4361-98AD-FA9347213C92}.Release|x64.ActiveCfg = Release|Any CPU
		{DA50574B-9022-4361-98AD-FA9347213C92}.Release|x64.Build.0 = Release|Any CPU
		{DA50574B-9022-4361-98AD-FA9347213C92}.Release|x86.ActiveCfg = Release|Any CPU
		{DA50574B-9022-4361-98AD-FA9347213C92}.Release|x86.Build.0 = Release|Any CPU
		{C663ABC9-486E-4F25-8489-0E656BFB261B}.Debug|Any CPU.ActiveCfg = Debug|Any CPU
		{C663ABC9-486E-4F25-8489-0E656BFB261B}.Debug|Any CPU.Build.0 = Debug|Any CPU
		{C663ABC9-486E-4F25-8489-0E656BFB261B}.Debug|x64.ActiveCfg = Debug|Any CPU
		{C663ABC9-486E-4F25-8489-0E656BFB261B}.Debug|x64.Build.0 = Debug|Any CPU
		{C663ABC9-486E-4F25-8489-0E656BFB261B}.Debug|x86.ActiveCfg = Debug|Any CPU
		{C663ABC9-486E-4F25-8489-0E656BFB261B}.Debug|x86.Build.0 = Debug|Any CPU
		{C663ABC9-486E-4F25-8489-0E656BFB261B}.Release|Any CPU.ActiveCfg = Release|Any CPU
		{C663ABC9-486E-4F25-8489-0E656BFB261B}.Release|Any CPU.Build.0 = Release|Any CPU
		{C663ABC9-486E-4F25-8489-0E656BFB261B}.Release|x64.ActiveCfg = Release|Any CPU
		{C663ABC9-486E-4F25-8489-0E656BFB261B}.Release|x64.Build.0 = Release|Any CPU
		{C663ABC9-486E-4F25-8489-0E656BFB261B}.Release|x86.ActiveCfg = Release|Any CPU
		{C663ABC9-486E-4F25-8489-0E656BFB261B}.Release|x86.Build.0 = Release|Any CPU
		{C8417A18-67DA-4F5F-9B66-65B9112EFC82}.Debug|Any CPU.ActiveCfg = Debug|Any CPU
		{C8417A18-67DA-4F5F-9B66-65B9112EFC82}.Debug|Any CPU.Build.0 = Debug|Any CPU
		{C8417A18-67DA-4F5F-9B66-65B9112EFC82}.Debug|x64.ActiveCfg = Debug|Any CPU
		{C8417A18-67DA-4F5F-9B66-65B9112EFC82}.Debug|x64.Build.0 = Debug|Any CPU
		{C8417A18-67DA-4F5F-9B66-65B9112EFC82}.Debug|x86.ActiveCfg = Debug|Any CPU
		{C8417A18-67DA-4F5F-9B66-65B9112EFC82}.Debug|x86.Build.0 = Debug|Any CPU
		{C8417A18-67DA-4F5F-9B66-65B9112EFC82}.Release|Any CPU.ActiveCfg = Release|Any CPU
		{C8417A18-67DA-4F5F-9B66-65B9112EFC82}.Release|Any CPU.Build.0 = Release|Any CPU
		{C8417A18-67DA-4F5F-9B66-65B9112EFC82}.Release|x64.ActiveCfg = Release|Any CPU
		{C8417A18-67DA-4F5F-9B66-65B9112EFC82}.Release|x64.Build.0 = Release|Any CPU
		{C8417A18-67DA-4F5F-9B66-65B9112EFC82}.Release|x86.ActiveCfg = Release|Any CPU
		{C8417A18-67DA-4F5F-9B66-65B9112EFC82}.Release|x86.Build.0 = Release|Any CPU
		{F503A127-34DB-4CEA-9E5E-04D406601467}.Debug|Any CPU.ActiveCfg = Debug|Any CPU
		{F503A127-34DB-4CEA-9E5E-04D406601467}.Debug|Any CPU.Build.0 = Debug|Any CPU
		{F503A127-34DB-4CEA-9E5E-04D406601467}.Debug|x64.ActiveCfg = Debug|Any CPU
		{F503A127-34DB-4CEA-9E5E-04D406601467}.Debug|x64.Build.0 = Debug|Any CPU
		{F503A127-34DB-4CEA-9E5E-04D406601467}.Debug|x86.ActiveCfg = Debug|Any CPU
		{F503A127-34DB-4CEA-9E5E-04D406601467}.Debug|x86.Build.0 = Debug|Any CPU
		{F503A127-34DB-4CEA-9E5E-04D406601467}.Release|Any CPU.ActiveCfg = Release|Any CPU
		{F503A127-34DB-4CEA-9E5E-04D406601467}.Release|Any CPU.Build.0 = Release|Any CPU
		{F503A127-34DB-4CEA-9E5E-04D406601467}.Release|x64.ActiveCfg = Release|Any CPU
		{F503A127-34DB-4CEA-9E5E-04D406601467}.Release|x64.Build.0 = Release|Any CPU
		{F503A127-34DB-4CEA-9E5E-04D406601467}.Release|x86.ActiveCfg = Release|Any CPU
		{F503A127-34DB-4CEA-9E5E-04D406601467}.Release|x86.Build.0 = Release|Any CPU
		{E5971232-B20C-4C13-8167-65DF36F26A1A}.Debug|Any CPU.ActiveCfg = Debug|Any CPU
		{E5971232-B20C-4C13-8167-65DF36F26A1A}.Debug|Any CPU.Build.0 = Debug|Any CPU
		{E5971232-B20C-4C13-8167-65DF36F26A1A}.Debug|x64.ActiveCfg = Debug|Any CPU
		{E5971232-B20C-4C13-8167-65DF36F26A1A}.Debug|x64.Build.0 = Debug|Any CPU
		{E5971232-B20C-4C13-8167-65DF36F26A1A}.Debug|x86.ActiveCfg = Debug|Any CPU
		{E5971232-B20C-4C13-8167-65DF36F26A1A}.Debug|x86.Build.0 = Debug|Any CPU
		{E5971232-B20C-4C13-8167-65DF36F26A1A}.Release|Any CPU.ActiveCfg = Release|Any CPU
		{E5971232-B20C-4C13-8167-65DF36F26A1A}.Release|Any CPU.Build.0 = Release|Any CPU
		{E5971232-B20C-4C13-8167-65DF36F26A1A}.Release|x64.ActiveCfg = Release|Any CPU
		{E5971232-B20C-4C13-8167-65DF36F26A1A}.Release|x64.Build.0 = Release|Any CPU
		{E5971232-B20C-4C13-8167-65DF36F26A1A}.Release|x86.ActiveCfg = Release|Any CPU
		{E5971232-B20C-4C13-8167-65DF36F26A1A}.Release|x86.Build.0 = Release|Any CPU
		{2C0CEE1B-A672-43B9-B763-62B4B4668A2D}.Debug|Any CPU.ActiveCfg = Debug|Any CPU
		{2C0CEE1B-A672-43B9-B763-62B4B4668A2D}.Debug|Any CPU.Build.0 = Debug|Any CPU
		{2C0CEE1B-A672-43B9-B763-62B4B4668A2D}.Debug|x64.ActiveCfg = Debug|Any CPU
		{2C0CEE1B-A672-43B9-B763-62B4B4668A2D}.Debug|x64.Build.0 = Debug|Any CPU
		{2C0CEE1B-A672-43B9-B763-62B4B4668A2D}.Debug|x86.ActiveCfg = Debug|Any CPU
		{2C0CEE1B-A672-43B9-B763-62B4B4668A2D}.Debug|x86.Build.0 = Debug|Any CPU
		{2C0CEE1B-A672-43B9-B763-62B4B4668A2D}.Release|Any CPU.ActiveCfg = Release|Any CPU
		{2C0CEE1B-A672-43B9-B763-62B4B4668A2D}.Release|Any CPU.Build.0 = Release|Any CPU
		{2C0CEE1B-A672-43B9-B763-62B4B4668A2D}.Release|x64.ActiveCfg = Release|Any CPU
		{2C0CEE1B-A672-43B9-B763-62B4B4668A2D}.Release|x64.Build.0 = Release|Any CPU
		{2C0CEE1B-A672-43B9-B763-62B4B4668A2D}.Release|x86.ActiveCfg = Release|Any CPU
		{2C0CEE1B-A672-43B9-B763-62B4B4668A2D}.Release|x86.Build.0 = Release|Any CPU
		{ABE9B8AB-6210-4426-9149-668296319FF1}.Debug|Any CPU.ActiveCfg = Debug|Any CPU
		{ABE9B8AB-6210-4426-9149-668296319FF1}.Debug|Any CPU.Build.0 = Debug|Any CPU
		{ABE9B8AB-6210-4426-9149-668296319FF1}.Debug|x64.ActiveCfg = Debug|Any CPU
		{ABE9B8AB-6210-4426-9149-668296319FF1}.Debug|x64.Build.0 = Debug|Any CPU
		{ABE9B8AB-6210-4426-9149-668296319FF1}.Debug|x86.ActiveCfg = Debug|Any CPU
		{ABE9B8AB-6210-4426-9149-668296319FF1}.Debug|x86.Build.0 = Debug|Any CPU
		{ABE9B8AB-6210-4426-9149-668296319FF1}.Release|Any CPU.ActiveCfg = Release|Any CPU
		{ABE9B8AB-6210-4426-9149-668296319FF1}.Release|Any CPU.Build.0 = Release|Any CPU
		{ABE9B8AB-6210-4426-9149-668296319FF1}.Release|x64.ActiveCfg = Release|Any CPU
		{ABE9B8AB-6210-4426-9149-668296319FF1}.Release|x64.Build.0 = Release|Any CPU
		{ABE9B8AB-6210-4426-9149-668296319FF1}.Release|x86.ActiveCfg = Release|Any CPU
		{ABE9B8AB-6210-4426-9149-668296319FF1}.Release|x86.Build.0 = Release|Any CPU
		{D4F71B22-EB40-42EC-9049-481AF8D35CA8}.Debug|Any CPU.ActiveCfg = Debug|Any CPU
		{D4F71B22-EB40-42EC-9049-481AF8D35CA8}.Debug|Any CPU.Build.0 = Debug|Any CPU
		{D4F71B22-EB40-42EC-9049-481AF8D35CA8}.Debug|x64.ActiveCfg = Debug|Any CPU
		{D4F71B22-EB40-42EC-9049-481AF8D35CA8}.Debug|x64.Build.0 = Debug|Any CPU
		{D4F71B22-EB40-42EC-9049-481AF8D35CA8}.Debug|x86.ActiveCfg = Debug|Any CPU
		{D4F71B22-EB40-42EC-9049-481AF8D35CA8}.Debug|x86.Build.0 = Debug|Any CPU
		{D4F71B22-EB40-42EC-9049-481AF8D35CA8}.Release|Any CPU.ActiveCfg = Release|Any CPU
		{D4F71B22-EB40-42EC-9049-481AF8D35CA8}.Release|Any CPU.Build.0 = Release|Any CPU
		{D4F71B22-EB40-42EC-9049-481AF8D35CA8}.Release|x64.ActiveCfg = Release|Any CPU
		{D4F71B22-EB40-42EC-9049-481AF8D35CA8}.Release|x64.Build.0 = Release|Any CPU
		{D4F71B22-EB40-42EC-9049-481AF8D35CA8}.Release|x86.ActiveCfg = Release|Any CPU
		{D4F71B22-EB40-42EC-9049-481AF8D35CA8}.Release|x86.Build.0 = Release|Any CPU
		{07592FF3-7D3A-4E19-BC2E-66F6772121BB}.Debug|Any CPU.ActiveCfg = Debug|Any CPU
		{07592FF3-7D3A-4E19-BC2E-66F6772121BB}.Debug|Any CPU.Build.0 = Debug|Any CPU
		{07592FF3-7D3A-4E19-BC2E-66F6772121BB}.Debug|x64.ActiveCfg = Debug|Any CPU
		{07592FF3-7D3A-4E19-BC2E-66F6772121BB}.Debug|x64.Build.0 = Debug|Any CPU
		{07592FF3-7D3A-4E19-BC2E-66F6772121BB}.Debug|x86.ActiveCfg = Debug|Any CPU
		{07592FF3-7D3A-4E19-BC2E-66F6772121BB}.Debug|x86.Build.0 = Debug|Any CPU
		{07592FF3-7D3A-4E19-BC2E-66F6772121BB}.Release|Any CPU.ActiveCfg = Release|Any CPU
		{07592FF3-7D3A-4E19-BC2E-66F6772121BB}.Release|Any CPU.Build.0 = Release|Any CPU
		{07592FF3-7D3A-4E19-BC2E-66F6772121BB}.Release|x64.ActiveCfg = Release|Any CPU
		{07592FF3-7D3A-4E19-BC2E-66F6772121BB}.Release|x64.Build.0 = Release|Any CPU
		{07592FF3-7D3A-4E19-BC2E-66F6772121BB}.Release|x86.ActiveCfg = Release|Any CPU
		{07592FF3-7D3A-4E19-BC2E-66F6772121BB}.Release|x86.Build.0 = Release|Any CPU
		{7F577448-A64A-460C-AFDA-D68B2CED0BF3}.Debug|Any CPU.ActiveCfg = Debug|Any CPU
		{7F577448-A64A-460C-AFDA-D68B2CED0BF3}.Debug|Any CPU.Build.0 = Debug|Any CPU
		{7F577448-A64A-460C-AFDA-D68B2CED0BF3}.Debug|x64.ActiveCfg = Debug|Any CPU
		{7F577448-A64A-460C-AFDA-D68B2CED0BF3}.Debug|x64.Build.0 = Debug|Any CPU
		{7F577448-A64A-460C-AFDA-D68B2CED0BF3}.Debug|x86.ActiveCfg = Debug|Any CPU
		{7F577448-A64A-460C-AFDA-D68B2CED0BF3}.Debug|x86.Build.0 = Debug|Any CPU
		{7F577448-A64A-460C-AFDA-D68B2CED0BF3}.Release|Any CPU.ActiveCfg = Release|Any CPU
		{7F577448-A64A-460C-AFDA-D68B2CED0BF3}.Release|Any CPU.Build.0 = Release|Any CPU
		{7F577448-A64A-460C-AFDA-D68B2CED0BF3}.Release|x64.ActiveCfg = Release|Any CPU
		{7F577448-A64A-460C-AFDA-D68B2CED0BF3}.Release|x64.Build.0 = Release|Any CPU
		{7F577448-A64A-460C-AFDA-D68B2CED0BF3}.Release|x86.ActiveCfg = Release|Any CPU
		{7F577448-A64A-460C-AFDA-D68B2CED0BF3}.Release|x86.Build.0 = Release|Any CPU
		{2A7A8044-E4AC-46E7-BCCA-4CFC5D74FAF5}.Debug|Any CPU.ActiveCfg = Debug|Any CPU
		{2A7A8044-E4AC-46E7-BCCA-4CFC5D74FAF5}.Debug|Any CPU.Build.0 = Debug|Any CPU
		{2A7A8044-E4AC-46E7-BCCA-4CFC5D74FAF5}.Debug|x64.ActiveCfg = Debug|Any CPU
		{2A7A8044-E4AC-46E7-BCCA-4CFC5D74FAF5}.Debug|x64.Build.0 = Debug|Any CPU
		{2A7A8044-E4AC-46E7-BCCA-4CFC5D74FAF5}.Debug|x86.ActiveCfg = Debug|Any CPU
		{2A7A8044-E4AC-46E7-BCCA-4CFC5D74FAF5}.Debug|x86.Build.0 = Debug|Any CPU
		{2A7A8044-E4AC-46E7-BCCA-4CFC5D74FAF5}.Release|Any CPU.ActiveCfg = Release|Any CPU
		{2A7A8044-E4AC-46E7-BCCA-4CFC5D74FAF5}.Release|Any CPU.Build.0 = Release|Any CPU
		{2A7A8044-E4AC-46E7-BCCA-4CFC5D74FAF5}.Release|x64.ActiveCfg = Release|Any CPU
		{2A7A8044-E4AC-46E7-BCCA-4CFC5D74FAF5}.Release|x64.Build.0 = Release|Any CPU
		{2A7A8044-E4AC-46E7-BCCA-4CFC5D74FAF5}.Release|x86.ActiveCfg = Release|Any CPU
		{2A7A8044-E4AC-46E7-BCCA-4CFC5D74FAF5}.Release|x86.Build.0 = Release|Any CPU
		{D4F15F39-603C-425F-8BC4-493A2CFE5737}.Debug|Any CPU.ActiveCfg = Debug|Any CPU
		{D4F15F39-603C-425F-8BC4-493A2CFE5737}.Debug|Any CPU.Build.0 = Debug|Any CPU
		{D4F15F39-603C-425F-8BC4-493A2CFE5737}.Debug|x64.ActiveCfg = Debug|Any CPU
		{D4F15F39-603C-425F-8BC4-493A2CFE5737}.Debug|x64.Build.0 = Debug|Any CPU
		{D4F15F39-603C-425F-8BC4-493A2CFE5737}.Debug|x86.ActiveCfg = Debug|Any CPU
		{D4F15F39-603C-425F-8BC4-493A2CFE5737}.Debug|x86.Build.0 = Debug|Any CPU
		{D4F15F39-603C-425F-8BC4-493A2CFE5737}.Release|Any CPU.ActiveCfg = Release|Any CPU
		{D4F15F39-603C-425F-8BC4-493A2CFE5737}.Release|Any CPU.Build.0 = Release|Any CPU
		{D4F15F39-603C-425F-8BC4-493A2CFE5737}.Release|x64.ActiveCfg = Release|Any CPU
		{D4F15F39-603C-425F-8BC4-493A2CFE5737}.Release|x64.Build.0 = Release|Any CPU
		{D4F15F39-603C-425F-8BC4-493A2CFE5737}.Release|x86.ActiveCfg = Release|Any CPU
		{D4F15F39-603C-425F-8BC4-493A2CFE5737}.Release|x86.Build.0 = Release|Any CPU
		{41785E56-1333-424D-8EE4-A90969F4FF41}.Debug|Any CPU.ActiveCfg = Debug|Any CPU
		{41785E56-1333-424D-8EE4-A90969F4FF41}.Debug|Any CPU.Build.0 = Debug|Any CPU
		{41785E56-1333-424D-8EE4-A90969F4FF41}.Debug|x64.ActiveCfg = Debug|Any CPU
		{41785E56-1333-424D-8EE4-A90969F4FF41}.Debug|x64.Build.0 = Debug|Any CPU
		{41785E56-1333-424D-8EE4-A90969F4FF41}.Debug|x86.ActiveCfg = Debug|Any CPU
		{41785E56-1333-424D-8EE4-A90969F4FF41}.Debug|x86.Build.0 = Debug|Any CPU
		{41785E56-1333-424D-8EE4-A90969F4FF41}.Release|Any CPU.ActiveCfg = Release|Any CPU
		{41785E56-1333-424D-8EE4-A90969F4FF41}.Release|Any CPU.Build.0 = Release|Any CPU
		{41785E56-1333-424D-8EE4-A90969F4FF41}.Release|x64.ActiveCfg = Release|Any CPU
		{41785E56-1333-424D-8EE4-A90969F4FF41}.Release|x64.Build.0 = Release|Any CPU
		{41785E56-1333-424D-8EE4-A90969F4FF41}.Release|x86.ActiveCfg = Release|Any CPU
		{41785E56-1333-424D-8EE4-A90969F4FF41}.Release|x86.Build.0 = Release|Any CPU
		{3D29C2C0-4CDB-4BE3-AB32-1BA190B32C44}.Debug|Any CPU.ActiveCfg = Debug|Any CPU
		{3D29C2C0-4CDB-4BE3-AB32-1BA190B32C44}.Debug|Any CPU.Build.0 = Debug|Any CPU
		{3D29C2C0-4CDB-4BE3-AB32-1BA190B32C44}.Debug|x64.ActiveCfg = Debug|Any CPU
		{3D29C2C0-4CDB-4BE3-AB32-1BA190B32C44}.Debug|x64.Build.0 = Debug|Any CPU
		{3D29C2C0-4CDB-4BE3-AB32-1BA190B32C44}.Debug|x86.ActiveCfg = Debug|Any CPU
		{3D29C2C0-4CDB-4BE3-AB32-1BA190B32C44}.Debug|x86.Build.0 = Debug|Any CPU
		{3D29C2C0-4CDB-4BE3-AB32-1BA190B32C44}.Release|Any CPU.ActiveCfg = Release|Any CPU
		{3D29C2C0-4CDB-4BE3-AB32-1BA190B32C44}.Release|Any CPU.Build.0 = Release|Any CPU
		{3D29C2C0-4CDB-4BE3-AB32-1BA190B32C44}.Release|x64.ActiveCfg = Release|Any CPU
		{3D29C2C0-4CDB-4BE3-AB32-1BA190B32C44}.Release|x64.Build.0 = Release|Any CPU
		{3D29C2C0-4CDB-4BE3-AB32-1BA190B32C44}.Release|x86.ActiveCfg = Release|Any CPU
		{3D29C2C0-4CDB-4BE3-AB32-1BA190B32C44}.Release|x86.Build.0 = Release|Any CPU
		{B4E135EB-B4D6-433C-A6F5-9176B402896B}.Debug|Any CPU.ActiveCfg = Debug|Any CPU
		{B4E135EB-B4D6-433C-A6F5-9176B402896B}.Debug|Any CPU.Build.0 = Debug|Any CPU
		{B4E135EB-B4D6-433C-A6F5-9176B402896B}.Debug|x64.ActiveCfg = Debug|Any CPU
		{B4E135EB-B4D6-433C-A6F5-9176B402896B}.Debug|x64.Build.0 = Debug|Any CPU
		{B4E135EB-B4D6-433C-A6F5-9176B402896B}.Debug|x86.ActiveCfg = Debug|Any CPU
		{B4E135EB-B4D6-433C-A6F5-9176B402896B}.Debug|x86.Build.0 = Debug|Any CPU
		{B4E135EB-B4D6-433C-A6F5-9176B402896B}.Release|Any CPU.ActiveCfg = Release|Any CPU
		{B4E135EB-B4D6-433C-A6F5-9176B402896B}.Release|Any CPU.Build.0 = Release|Any CPU
		{B4E135EB-B4D6-433C-A6F5-9176B402896B}.Release|x64.ActiveCfg = Release|Any CPU
		{B4E135EB-B4D6-433C-A6F5-9176B402896B}.Release|x64.Build.0 = Release|Any CPU
		{B4E135EB-B4D6-433C-A6F5-9176B402896B}.Release|x86.ActiveCfg = Release|Any CPU
		{B4E135EB-B4D6-433C-A6F5-9176B402896B}.Release|x86.Build.0 = Release|Any CPU
		{4C6F62B9-A891-469C-9071-455051F8CB6F}.Debug|Any CPU.ActiveCfg = Debug|Any CPU
		{4C6F62B9-A891-469C-9071-455051F8CB6F}.Debug|Any CPU.Build.0 = Debug|Any CPU
		{4C6F62B9-A891-469C-9071-455051F8CB6F}.Debug|x64.ActiveCfg = Debug|Any CPU
		{4C6F62B9-A891-469C-9071-455051F8CB6F}.Debug|x64.Build.0 = Debug|Any CPU
		{4C6F62B9-A891-469C-9071-455051F8CB6F}.Debug|x86.ActiveCfg = Debug|Any CPU
		{4C6F62B9-A891-469C-9071-455051F8CB6F}.Debug|x86.Build.0 = Debug|Any CPU
		{4C6F62B9-A891-469C-9071-455051F8CB6F}.Release|Any CPU.ActiveCfg = Release|Any CPU
		{4C6F62B9-A891-469C-9071-455051F8CB6F}.Release|Any CPU.Build.0 = Release|Any CPU
		{4C6F62B9-A891-469C-9071-455051F8CB6F}.Release|x64.ActiveCfg = Release|Any CPU
		{4C6F62B9-A891-469C-9071-455051F8CB6F}.Release|x64.Build.0 = Release|Any CPU
		{4C6F62B9-A891-469C-9071-455051F8CB6F}.Release|x86.ActiveCfg = Release|Any CPU
		{4C6F62B9-A891-469C-9071-455051F8CB6F}.Release|x86.Build.0 = Release|Any CPU
		{852B6C68-1ACB-437D-94BD-6E00A37ECB5B}.Debug|Any CPU.ActiveCfg = Debug|Any CPU
		{852B6C68-1ACB-437D-94BD-6E00A37ECB5B}.Debug|Any CPU.Build.0 = Debug|Any CPU
		{852B6C68-1ACB-437D-94BD-6E00A37ECB5B}.Debug|x64.ActiveCfg = Debug|Any CPU
		{852B6C68-1ACB-437D-94BD-6E00A37ECB5B}.Debug|x64.Build.0 = Debug|Any CPU
		{852B6C68-1ACB-437D-94BD-6E00A37ECB5B}.Debug|x86.ActiveCfg = Debug|Any CPU
		{852B6C68-1ACB-437D-94BD-6E00A37ECB5B}.Debug|x86.Build.0 = Debug|Any CPU
		{852B6C68-1ACB-437D-94BD-6E00A37ECB5B}.Release|Any CPU.ActiveCfg = Release|Any CPU
		{852B6C68-1ACB-437D-94BD-6E00A37ECB5B}.Release|Any CPU.Build.0 = Release|Any CPU
		{852B6C68-1ACB-437D-94BD-6E00A37ECB5B}.Release|x64.ActiveCfg = Release|Any CPU
		{852B6C68-1ACB-437D-94BD-6E00A37ECB5B}.Release|x64.Build.0 = Release|Any CPU
		{852B6C68-1ACB-437D-94BD-6E00A37ECB5B}.Release|x86.ActiveCfg = Release|Any CPU
		{852B6C68-1ACB-437D-94BD-6E00A37ECB5B}.Release|x86.Build.0 = Release|Any CPU
		{DD36522C-CF2E-4813-83B3-A60D85BCAF11}.Debug|Any CPU.ActiveCfg = Debug|Any CPU
		{DD36522C-CF2E-4813-83B3-A60D85BCAF11}.Debug|Any CPU.Build.0 = Debug|Any CPU
		{DD36522C-CF2E-4813-83B3-A60D85BCAF11}.Debug|x64.ActiveCfg = Debug|Any CPU
		{DD36522C-CF2E-4813-83B3-A60D85BCAF11}.Debug|x64.Build.0 = Debug|Any CPU
		{DD36522C-CF2E-4813-83B3-A60D85BCAF11}.Debug|x86.ActiveCfg = Debug|Any CPU
		{DD36522C-CF2E-4813-83B3-A60D85BCAF11}.Debug|x86.Build.0 = Debug|Any CPU
		{DD36522C-CF2E-4813-83B3-A60D85BCAF11}.Release|Any CPU.ActiveCfg = Release|Any CPU
		{DD36522C-CF2E-4813-83B3-A60D85BCAF11}.Release|Any CPU.Build.0 = Release|Any CPU
		{DD36522C-CF2E-4813-83B3-A60D85BCAF11}.Release|x64.ActiveCfg = Release|Any CPU
		{DD36522C-CF2E-4813-83B3-A60D85BCAF11}.Release|x64.Build.0 = Release|Any CPU
		{DD36522C-CF2E-4813-83B3-A60D85BCAF11}.Release|x86.ActiveCfg = Release|Any CPU
		{DD36522C-CF2E-4813-83B3-A60D85BCAF11}.Release|x86.Build.0 = Release|Any CPU
		{71E8E3DB-7161-4763-A90E-3744403C6FDC}.Debug|Any CPU.ActiveCfg = Debug|Any CPU
		{71E8E3DB-7161-4763-A90E-3744403C6FDC}.Debug|Any CPU.Build.0 = Debug|Any CPU
		{71E8E3DB-7161-4763-A90E-3744403C6FDC}.Debug|x64.ActiveCfg = Debug|Any CPU
		{71E8E3DB-7161-4763-A90E-3744403C6FDC}.Debug|x64.Build.0 = Debug|Any CPU
		{71E8E3DB-7161-4763-A90E-3744403C6FDC}.Debug|x86.ActiveCfg = Debug|Any CPU
		{71E8E3DB-7161-4763-A90E-3744403C6FDC}.Debug|x86.Build.0 = Debug|Any CPU
		{71E8E3DB-7161-4763-A90E-3744403C6FDC}.Release|Any CPU.ActiveCfg = Release|Any CPU
		{71E8E3DB-7161-4763-A90E-3744403C6FDC}.Release|Any CPU.Build.0 = Release|Any CPU
		{71E8E3DB-7161-4763-A90E-3744403C6FDC}.Release|x64.ActiveCfg = Release|Any CPU
		{71E8E3DB-7161-4763-A90E-3744403C6FDC}.Release|x64.Build.0 = Release|Any CPU
		{71E8E3DB-7161-4763-A90E-3744403C6FDC}.Release|x86.ActiveCfg = Release|Any CPU
		{71E8E3DB-7161-4763-A90E-3744403C6FDC}.Release|x86.Build.0 = Release|Any CPU
	EndGlobalSection
	GlobalSection(SolutionProperties) = preSolution
		HideSolutionNode = FALSE
	EndGlobalSection
	GlobalSection(NestedProjects) = preSolution
		{3BAD4DDC-B973-41C0-94EB-C47EDD608A75} = {E7647CEF-310D-4841-AC21-2F1A43B7D15B}
		{8D745BA0-BBAC-416A-AA5A-52DE780B551E} = {E7647CEF-310D-4841-AC21-2F1A43B7D15B}
		{E47EC40A-F9CB-4549-8F2A-2F3D5A79FB81} = {E7647CEF-310D-4841-AC21-2F1A43B7D15B}
		{DA50574B-9022-4361-98AD-FA9347213C92} = {E7647CEF-310D-4841-AC21-2F1A43B7D15B}
		{C663ABC9-486E-4F25-8489-0E656BFB261B} = {E7647CEF-310D-4841-AC21-2F1A43B7D15B}
		{D1D71B6B-AD2B-4719-8D6B-2FC05A5DB6AB} = {E7647CEF-310D-4841-AC21-2F1A43B7D15B}
		{C8417A18-67DA-4F5F-9B66-65B9112EFC82} = {D1D71B6B-AD2B-4719-8D6B-2FC05A5DB6AB}
		{F503A127-34DB-4CEA-9E5E-04D406601467} = {D1D71B6B-AD2B-4719-8D6B-2FC05A5DB6AB}
		{E5971232-B20C-4C13-8167-65DF36F26A1A} = {D1D71B6B-AD2B-4719-8D6B-2FC05A5DB6AB}
		{ABE9B8AB-6210-4426-9149-668296319FF1} = {D1D71B6B-AD2B-4719-8D6B-2FC05A5DB6AB}
		{D4F71B22-EB40-42EC-9049-481AF8D35CA8} = {D1D71B6B-AD2B-4719-8D6B-2FC05A5DB6AB}
		{07592FF3-7D3A-4E19-BC2E-66F6772121BB} = {D1D71B6B-AD2B-4719-8D6B-2FC05A5DB6AB}
		{7F577448-A64A-460C-AFDA-D68B2CED0BF3} = {D1D71B6B-AD2B-4719-8D6B-2FC05A5DB6AB}
		{2A7A8044-E4AC-46E7-BCCA-4CFC5D74FAF5} = {D1D71B6B-AD2B-4719-8D6B-2FC05A5DB6AB}
		{D4F15F39-603C-425F-8BC4-493A2CFE5737} = {D1D71B6B-AD2B-4719-8D6B-2FC05A5DB6AB}
		{41785E56-1333-424D-8EE4-A90969F4FF41} = {E7647CEF-310D-4841-AC21-2F1A43B7D15B}
		{3D29C2C0-4CDB-4BE3-AB32-1BA190B32C44} = {D1D71B6B-AD2B-4719-8D6B-2FC05A5DB6AB}
		{7D9FF154-E484-49B4-986E-7740CAAB3E7D} = {E7647CEF-310D-4841-AC21-2F1A43B7D15B}
		{B4E135EB-B4D6-433C-A6F5-9176B402896B} = {7D9FF154-E484-49B4-986E-7740CAAB3E7D}
		{4C6F62B9-A891-469C-9071-455051F8CB6F} = {7D9FF154-E484-49B4-986E-7740CAAB3E7D}
		{852B6C68-1ACB-437D-94BD-6E00A37ECB5B} = {E7647CEF-310D-4841-AC21-2F1A43B7D15B}
		{DD36522C-CF2E-4813-83B3-A60D85BCAF11} = {E7647CEF-310D-4841-AC21-2F1A43B7D15B}
		{71E8E3DB-7161-4763-A90E-3744403C6FDC} = {D1D71B6B-AD2B-4719-8D6B-2FC05A5DB6AB}
	EndGlobalSection
	GlobalSection(ExtensibilityGlobals) = postSolution
		SolutionGuid = {224450DA-6EF5-4E31-A951-5B21A23EF16F}
	EndGlobalSection
EndGlobal
