
Microsoft Visual Studio Solution File, Format Version 12.00
# Visual Studio Version 16
VisualStudioVersion = 16.0.31112.23
MinimumVisualStudioVersion = 10.0.40219.1
Project("{9A19103F-16F7-4668-BE54-9A1E7A4F7556}") = "AioCore.Application", "src\AioCore.Application\AioCore.Application.csproj", "{8D745BA0-BBAC-416A-AA5A-52DE780B551E}"
EndProject
Project("{9A19103F-16F7-4668-BE54-9A1E7A4F7556}") = "AioCore.Domain", "src\AioCore.Domain\AioCore.Domain.csproj", "{E47EC40A-F9CB-4549-8F2A-2F3D5A79FB81}"
EndProject
Project("{9A19103F-16F7-4668-BE54-9A1E7A4F7556}") = "AioCore.Infrastructure", "src\AioCore.Infrastructure\AioCore.Infrastructure.csproj", "{DA50574B-9022-4361-98AD-FA9347213C92}"
EndProject
Project("{9A19103F-16F7-4668-BE54-9A1E7A4F7556}") = "AioCore.Shared", "src\AioCore.Shared\AioCore.Shared.csproj", "{C663ABC9-486E-4F25-8489-0E656BFB261B}"
EndProject
Project("{2150E333-8FDC-42A3-9474-1A3956D46DE8}") = "AioCore.Packages", "AioCore.Packages", "{D1D71B6B-AD2B-4719-8D6B-2FC05A5DB6AB}"
EndProject
Project("{9A19103F-16F7-4668-BE54-9A1E7A4F7556}") = "Package.Mongo", "src\AioCore.Packages\Package.Mongo\Package.Mongo.csproj", "{C8417A18-67DA-4F5F-9B66-65B9112EFC82}"
EndProject
Project("{9A19103F-16F7-4668-BE54-9A1E7A4F7556}") = "Package.Redis", "src\AioCore.Packages\Package.Redis\Package.Redis.csproj", "{F503A127-34DB-4CEA-9E5E-04D406601467}"
EndProject
Project("{9A19103F-16F7-4668-BE54-9A1E7A4F7556}") = "Package.NestedSet", "src\AioCore.Packages\Package.NestedSet\Package.NestedSet.csproj", "{E5971232-B20C-4C13-8167-65DF36F26A1A}"
EndProject
Project("{9A19103F-16F7-4668-BE54-9A1E7A4F7556}") = "Package.Elasticsearch", "src\AioCore.Packages\Package.Elasticsearch\Package.Elasticsearch.csproj", "{D4F71B22-EB40-42EC-9049-481AF8D35CA8}"
EndProject
Project("{9A19103F-16F7-4668-BE54-9A1E7A4F7556}") = "Package.Extensions", "src\AioCore.Packages\Package.Extensions\Package.Extensions.csproj", "{07592FF3-7D3A-4E19-BC2E-66F6772121BB}"
EndProject
Project("{9A19103F-16F7-4668-BE54-9A1E7A4F7556}") = "Package.FileServer", "src\AioCore.Packages\Package.FileServer\Package.FileServer.csproj", "{7F577448-A64A-460C-AFDA-D68B2CED0BF3}"
EndProject
Project("{9A19103F-16F7-4668-BE54-9A1E7A4F7556}") = "Package.AutoMapper", "src\AioCore.Packages\Package.AutoMapper\Package.AutoMapper.csproj", "{2A7A8044-E4AC-46E7-BCCA-4CFC5D74FAF5}"
EndProject
Project("{9A19103F-16F7-4668-BE54-9A1E7A4F7556}") = "Package.DatabaseManagement", "src\AioCore.Packages\Package.DatabaseManagement\Package.DatabaseManagement.csproj", "{3D29C2C0-4CDB-4BE3-AB32-1BA190B32C44}"
EndProject
Project("{2150E333-8FDC-42A3-9474-1A3956D46DE8}") = "AioCore.Migrations", "AioCore.Migrations", "{7D9FF154-E484-49B4-986E-7740CAAB3E7D}"
EndProject
Project("{9A19103F-16F7-4668-BE54-9A1E7A4F7556}") = "Package.Mediator", "src\AioCore.Packages\Package.Mediator\Package.Mediator.csproj", "{71E8E3DB-7161-4763-A90E-3744403C6FDC}"
EndProject
Project("{9A19103F-16F7-4668-BE54-9A1E7A4F7556}") = "Migration.MsSql", "src\AioCore.Migrations\Migration.MsSql\Migration.MsSql.csproj", "{B55FD12C-EF25-47D1-81CB-88E82B1D5472}"
EndProject
Project("{9A19103F-16F7-4668-BE54-9A1E7A4F7556}") = "Migration.PostgresSql", "src\AioCore.Migrations\Migration.PostgresSql\Migration.PostgresSql.csproj", "{DFF74189-E4F4-457C-9F48-892056A068CA}"
EndProject
Project("{2150E333-8FDC-42A3-9474-1A3956D46DE8}") = "AioCore.Plugins", "AioCore.Plugins", "{2C686053-F7E2-4DC8-A159-22C132D6E36D}"
EndProject
Project("{9A19103F-16F7-4668-BE54-9A1E7A4F7556}") = "Plugin.ViewRender", "src\AioCore.Plugins\Plugin.ViewRender\Plugin.ViewRender.csproj", "{C45A8256-6A24-462D-A61B-9BE8756916F7}"
EndProject
Project("{9A19103F-16F7-4668-BE54-9A1E7A4F7556}") = "Plugin.ActionProcessor", "src\AioCore.Plugins\Plugin.ActionProcessor\Plugin.ActionProcessor.csproj", "{45EF1580-9E25-4575-86B4-629E87B774CA}"
EndProject
Project("{2150E333-8FDC-42A3-9474-1A3956D46DE8}") = "AioCore.Hosted", "AioCore.Hosted", "{5481C66F-B238-400F-A8C1-E14D758D0D94}"
EndProject
Project("{9A19103F-16F7-4668-BE54-9A1E7A4F7556}") = "AioCore.API", "src\AioCore.Hosted\AioCore.API\AioCore.API.csproj", "{F23053B6-5B2A-48DB-8AD3-7F66FB22DB8A}"
EndProject
Project("{9A19103F-16F7-4668-BE54-9A1E7A4F7556}") = "AioCore.Web", "src\AioCore.Hosted\AioCore.Web\AioCore.Web.csproj", "{B6355D59-8CEE-40C3-809C-E538189BCDC6}"
EndProject
Global
	GlobalSection(SolutionConfigurationPlatforms) = preSolution
		Debug|Any CPU = Debug|Any CPU
		Debug|x64 = Debug|x64
		Debug|x86 = Debug|x86
		Release|Any CPU = Release|Any CPU
		Release|x64 = Release|x64
		Release|x86 = Release|x86
	EndGlobalSection
	GlobalSection(ProjectConfigurationPlatforms) = postSolution
		{8D745BA0-BBAC-416A-AA5A-52DE780B551E}.Debug|Any CPU.ActiveCfg = Debug|Any CPU
		{8D745BA0-BBAC-416A-AA5A-52DE780B551E}.Debug|Any CPU.Build.0 = Debug|Any CPU
		{8D745BA0-BBAC-416A-AA5A-52DE780B551E}.Debug|x64.ActiveCfg = Debug|Any CPU
		{8D745BA0-BBAC-416A-AA5A-52DE780B551E}.Debug|x64.Build.0 = Debug|Any CPU
		{8D745BA0-BBAC-416A-AA5A-52DE780B551E}.Debug|x86.ActiveCfg = Debug|Any CPU
		{8D745BA0-BBAC-416A-AA5A-52DE780B551E}.Debug|x86.Build.0 = Debug|Any CPU
		{8D745BA0-BBAC-416A-AA5A-52DE780B551E}.Release|Any CPU.ActiveCfg = Release|Any CPU
		{8D745BA0-BBAC-416A-AA5A-52DE780B551E}.Release|Any CPU.Build.0 = Release|Any CPU
		{8D745BA0-BBAC-416A-AA5A-52DE780B551E}.Release|x64.ActiveCfg = Release|Any CPU
		{8D745BA0-BBAC-416A-AA5A-52DE780B551E}.Release|x64.Build.0 = Release|Any CPU
		{8D745BA0-BBAC-416A-AA5A-52DE780B551E}.Release|x86.ActiveCfg = Release|Any CPU
		{8D745BA0-BBAC-416A-AA5A-52DE780B551E}.Release|x86.Build.0 = Release|Any CPU
		{E47EC40A-F9CB-4549-8F2A-2F3D5A79FB81}.Debug|Any CPU.ActiveCfg = Debug|Any CPU
		{E47EC40A-F9CB-4549-8F2A-2F3D5A79FB81}.Debug|Any CPU.Build.0 = Debug|Any CPU
		{E47EC40A-F9CB-4549-8F2A-2F3D5A79FB81}.Debug|x64.ActiveCfg = Debug|Any CPU
		{E47EC40A-F9CB-4549-8F2A-2F3D5A79FB81}.Debug|x64.Build.0 = Debug|Any CPU
		{E47EC40A-F9CB-4549-8F2A-2F3D5A79FB81}.Debug|x86.ActiveCfg = Debug|Any CPU
		{E47EC40A-F9CB-4549-8F2A-2F3D5A79FB81}.Debug|x86.Build.0 = Debug|Any CPU
		{E47EC40A-F9CB-4549-8F2A-2F3D5A79FB81}.Release|Any CPU.ActiveCfg = Release|Any CPU
		{E47EC40A-F9CB-4549-8F2A-2F3D5A79FB81}.Release|Any CPU.Build.0 = Release|Any CPU
		{E47EC40A-F9CB-4549-8F2A-2F3D5A79FB81}.Release|x64.ActiveCfg = Release|Any CPU
		{E47EC40A-F9CB-4549-8F2A-2F3D5A79FB81}.Release|x64.Build.0 = Release|Any CPU
		{E47EC40A-F9CB-4549-8F2A-2F3D5A79FB81}.Release|x86.ActiveCfg = Release|Any CPU
		{E47EC40A-F9CB-4549-8F2A-2F3D5A79FB81}.Release|x86.Build.0 = Release|Any CPU
		{DA50574B-9022-4361-98AD-FA9347213C92}.Debug|Any CPU.ActiveCfg = Debug|Any CPU
		{DA50574B-9022-4361-98AD-FA9347213C92}.Debug|Any CPU.Build.0 = Debug|Any CPU
		{DA50574B-9022-4361-98AD-FA9347213C92}.Debug|x64.ActiveCfg = Debug|Any CPU
		{DA50574B-9022-4361-98AD-FA9347213C92}.Debug|x64.Build.0 = Debug|Any CPU
		{DA50574B-9022-4361-98AD-FA9347213C92}.Debug|x86.ActiveCfg = Debug|Any CPU
		{DA50574B-9022-4361-98AD-FA9347213C92}.Debug|x86.Build.0 = Debug|Any CPU
		{DA50574B-9022-4361-98AD-FA9347213C92}.Release|Any CPU.ActiveCfg = Release|Any CPU
		{DA50574B-9022-4361-98AD-FA9347213C92}.Release|Any CPU.Build.0 = Release|Any CPU
		{DA50574B-9022-4361-98AD-FA9347213C92}.Release|x64.ActiveCfg = Release|Any CPU
		{DA50574B-9022-4361-98AD-FA9347213C92}.Release|x64.Build.0 = Release|Any CPU
		{DA50574B-9022-4361-98AD-FA9347213C92}.Release|x86.ActiveCfg = Release|Any CPU
		{DA50574B-9022-4361-98AD-FA9347213C92}.Release|x86.Build.0 = Release|Any CPU
		{C663ABC9-486E-4F25-8489-0E656BFB261B}.Debug|Any CPU.ActiveCfg = Debug|Any CPU
		{C663ABC9-486E-4F25-8489-0E656BFB261B}.Debug|Any CPU.Build.0 = Debug|Any CPU
		{C663ABC9-486E-4F25-8489-0E656BFB261B}.Debug|x64.ActiveCfg = Debug|Any CPU
		{C663ABC9-486E-4F25-8489-0E656BFB261B}.Debug|x64.Build.0 = Debug|Any CPU
		{C663ABC9-486E-4F25-8489-0E656BFB261B}.Debug|x86.ActiveCfg = Debug|Any CPU
		{C663ABC9-486E-4F25-8489-0E656BFB261B}.Debug|x86.Build.0 = Debug|Any CPU
		{C663ABC9-486E-4F25-8489-0E656BFB261B}.Release|Any CPU.ActiveCfg = Release|Any CPU
		{C663ABC9-486E-4F25-8489-0E656BFB261B}.Release|Any CPU.Build.0 = Release|Any CPU
		{C663ABC9-486E-4F25-8489-0E656BFB261B}.Release|x64.ActiveCfg = Release|Any CPU
		{C663ABC9-486E-4F25-8489-0E656BFB261B}.Release|x64.Build.0 = Release|Any CPU
		{C663ABC9-486E-4F25-8489-0E656BFB261B}.Release|x86.ActiveCfg = Release|Any CPU
		{C663ABC9-486E-4F25-8489-0E656BFB261B}.Release|x86.Build.0 = Release|Any CPU
		{C8417A18-67DA-4F5F-9B66-65B9112EFC82}.Debug|Any CPU.ActiveCfg = Debug|Any CPU
		{C8417A18-67DA-4F5F-9B66-65B9112EFC82}.Debug|Any CPU.Build.0 = Debug|Any CPU
		{C8417A18-67DA-4F5F-9B66-65B9112EFC82}.Debug|x64.ActiveCfg = Debug|Any CPU
		{C8417A18-67DA-4F5F-9B66-65B9112EFC82}.Debug|x64.Build.0 = Debug|Any CPU
		{C8417A18-67DA-4F5F-9B66-65B9112EFC82}.Debug|x86.ActiveCfg = Debug|Any CPU
		{C8417A18-67DA-4F5F-9B66-65B9112EFC82}.Debug|x86.Build.0 = Debug|Any CPU
		{C8417A18-67DA-4F5F-9B66-65B9112EFC82}.Release|Any CPU.ActiveCfg = Release|Any CPU
		{C8417A18-67DA-4F5F-9B66-65B9112EFC82}.Release|Any CPU.Build.0 = Release|Any CPU
		{C8417A18-67DA-4F5F-9B66-65B9112EFC82}.Release|x64.ActiveCfg = Release|Any CPU
		{C8417A18-67DA-4F5F-9B66-65B9112EFC82}.Release|x64.Build.0 = Release|Any CPU
		{C8417A18-67DA-4F5F-9B66-65B9112EFC82}.Release|x86.ActiveCfg = Release|Any CPU
		{C8417A18-67DA-4F5F-9B66-65B9112EFC82}.Release|x86.Build.0 = Release|Any CPU
		{F503A127-34DB-4CEA-9E5E-04D406601467}.Debug|Any CPU.ActiveCfg = Debug|Any CPU
		{F503A127-34DB-4CEA-9E5E-04D406601467}.Debug|Any CPU.Build.0 = Debug|Any CPU
		{F503A127-34DB-4CEA-9E5E-04D406601467}.Debug|x64.ActiveCfg = Debug|Any CPU
		{F503A127-34DB-4CEA-9E5E-04D406601467}.Debug|x64.Build.0 = Debug|Any CPU
		{F503A127-34DB-4CEA-9E5E-04D406601467}.Debug|x86.ActiveCfg = Debug|Any CPU
		{F503A127-34DB-4CEA-9E5E-04D406601467}.Debug|x86.Build.0 = Debug|Any CPU
		{F503A127-34DB-4CEA-9E5E-04D406601467}.Release|Any CPU.ActiveCfg = Release|Any CPU
		{F503A127-34DB-4CEA-9E5E-04D406601467}.Release|Any CPU.Build.0 = Release|Any CPU
		{F503A127-34DB-4CEA-9E5E-04D406601467}.Release|x64.ActiveCfg = Release|Any CPU
		{F503A127-34DB-4CEA-9E5E-04D406601467}.Release|x64.Build.0 = Release|Any CPU
		{F503A127-34DB-4CEA-9E5E-04D406601467}.Release|x86.ActiveCfg = Release|Any CPU
		{F503A127-34DB-4CEA-9E5E-04D406601467}.Release|x86.Build.0 = Release|Any CPU
		{E5971232-B20C-4C13-8167-65DF36F26A1A}.Debug|Any CPU.ActiveCfg = Debug|Any CPU
		{E5971232-B20C-4C13-8167-65DF36F26A1A}.Debug|Any CPU.Build.0 = Debug|Any CPU
		{E5971232-B20C-4C13-8167-65DF36F26A1A}.Debug|x64.ActiveCfg = Debug|Any CPU
		{E5971232-B20C-4C13-8167-65DF36F26A1A}.Debug|x64.Build.0 = Debug|Any CPU
		{E5971232-B20C-4C13-8167-65DF36F26A1A}.Debug|x86.ActiveCfg = Debug|Any CPU
		{E5971232-B20C-4C13-8167-65DF36F26A1A}.Debug|x86.Build.0 = Debug|Any CPU
		{E5971232-B20C-4C13-8167-65DF36F26A1A}.Release|Any CPU.ActiveCfg = Release|Any CPU
		{E5971232-B20C-4C13-8167-65DF36F26A1A}.Release|Any CPU.Build.0 = Release|Any CPU
		{E5971232-B20C-4C13-8167-65DF36F26A1A}.Release|x64.ActiveCfg = Release|Any CPU
		{E5971232-B20C-4C13-8167-65DF36F26A1A}.Release|x64.Build.0 = Release|Any CPU
		{E5971232-B20C-4C13-8167-65DF36F26A1A}.Release|x86.ActiveCfg = Release|Any CPU
		{E5971232-B20C-4C13-8167-65DF36F26A1A}.Release|x86.Build.0 = Release|Any CPU
		{D4F71B22-EB40-42EC-9049-481AF8D35CA8}.Debug|Any CPU.ActiveCfg = Debug|Any CPU
		{D4F71B22-EB40-42EC-9049-481AF8D35CA8}.Debug|Any CPU.Build.0 = Debug|Any CPU
		{D4F71B22-EB40-42EC-9049-481AF8D35CA8}.Debug|x64.ActiveCfg = Debug|Any CPU
		{D4F71B22-EB40-42EC-9049-481AF8D35CA8}.Debug|x64.Build.0 = Debug|Any CPU
		{D4F71B22-EB40-42EC-9049-481AF8D35CA8}.Debug|x86.ActiveCfg = Debug|Any CPU
		{D4F71B22-EB40-42EC-9049-481AF8D35CA8}.Debug|x86.Build.0 = Debug|Any CPU
		{D4F71B22-EB40-42EC-9049-481AF8D35CA8}.Release|Any CPU.ActiveCfg = Release|Any CPU
		{D4F71B22-EB40-42EC-9049-481AF8D35CA8}.Release|Any CPU.Build.0 = Release|Any CPU
		{D4F71B22-EB40-42EC-9049-481AF8D35CA8}.Release|x64.ActiveCfg = Release|Any CPU
		{D4F71B22-EB40-42EC-9049-481AF8D35CA8}.Release|x64.Build.0 = Release|Any CPU
		{D4F71B22-EB40-42EC-9049-481AF8D35CA8}.Release|x86.ActiveCfg = Release|Any CPU
		{D4F71B22-EB40-42EC-9049-481AF8D35CA8}.Release|x86.Build.0 = Release|Any CPU
		{07592FF3-7D3A-4E19-BC2E-66F6772121BB}.Debug|Any CPU.ActiveCfg = Debug|Any CPU
		{07592FF3-7D3A-4E19-BC2E-66F6772121BB}.Debug|Any CPU.Build.0 = Debug|Any CPU
		{07592FF3-7D3A-4E19-BC2E-66F6772121BB}.Debug|x64.ActiveCfg = Debug|Any CPU
		{07592FF3-7D3A-4E19-BC2E-66F6772121BB}.Debug|x64.Build.0 = Debug|Any CPU
		{07592FF3-7D3A-4E19-BC2E-66F6772121BB}.Debug|x86.ActiveCfg = Debug|Any CPU
		{07592FF3-7D3A-4E19-BC2E-66F6772121BB}.Debug|x86.Build.0 = Debug|Any CPU
		{07592FF3-7D3A-4E19-BC2E-66F6772121BB}.Release|Any CPU.ActiveCfg = Release|Any CPU
		{07592FF3-7D3A-4E19-BC2E-66F6772121BB}.Release|Any CPU.Build.0 = Release|Any CPU
		{07592FF3-7D3A-4E19-BC2E-66F6772121BB}.Release|x64.ActiveCfg = Release|Any CPU
		{07592FF3-7D3A-4E19-BC2E-66F6772121BB}.Release|x64.Build.0 = Release|Any CPU
		{07592FF3-7D3A-4E19-BC2E-66F6772121BB}.Release|x86.ActiveCfg = Release|Any CPU
		{07592FF3-7D3A-4E19-BC2E-66F6772121BB}.Release|x86.Build.0 = Release|Any CPU
		{7F577448-A64A-460C-AFDA-D68B2CED0BF3}.Debug|Any CPU.ActiveCfg = Debug|Any CPU
		{7F577448-A64A-460C-AFDA-D68B2CED0BF3}.Debug|Any CPU.Build.0 = Debug|Any CPU
		{7F577448-A64A-460C-AFDA-D68B2CED0BF3}.Debug|x64.ActiveCfg = Debug|Any CPU
		{7F577448-A64A-460C-AFDA-D68B2CED0BF3}.Debug|x64.Build.0 = Debug|Any CPU
		{7F577448-A64A-460C-AFDA-D68B2CED0BF3}.Debug|x86.ActiveCfg = Debug|Any CPU
		{7F577448-A64A-460C-AFDA-D68B2CED0BF3}.Debug|x86.Build.0 = Debug|Any CPU
		{7F577448-A64A-460C-AFDA-D68B2CED0BF3}.Release|Any CPU.ActiveCfg = Release|Any CPU
		{7F577448-A64A-460C-AFDA-D68B2CED0BF3}.Release|Any CPU.Build.0 = Release|Any CPU
		{7F577448-A64A-460C-AFDA-D68B2CED0BF3}.Release|x64.ActiveCfg = Release|Any CPU
		{7F577448-A64A-460C-AFDA-D68B2CED0BF3}.Release|x64.Build.0 = Release|Any CPU
		{7F577448-A64A-460C-AFDA-D68B2CED0BF3}.Release|x86.ActiveCfg = Release|Any CPU
		{7F577448-A64A-460C-AFDA-D68B2CED0BF3}.Release|x86.Build.0 = Release|Any CPU
		{2A7A8044-E4AC-46E7-BCCA-4CFC5D74FAF5}.Debug|Any CPU.ActiveCfg = Debug|Any CPU
		{2A7A8044-E4AC-46E7-BCCA-4CFC5D74FAF5}.Debug|Any CPU.Build.0 = Debug|Any CPU
		{2A7A8044-E4AC-46E7-BCCA-4CFC5D74FAF5}.Debug|x64.ActiveCfg = Debug|Any CPU
		{2A7A8044-E4AC-46E7-BCCA-4CFC5D74FAF5}.Debug|x64.Build.0 = Debug|Any CPU
		{2A7A8044-E4AC-46E7-BCCA-4CFC5D74FAF5}.Debug|x86.ActiveCfg = Debug|Any CPU
		{2A7A8044-E4AC-46E7-BCCA-4CFC5D74FAF5}.Debug|x86.Build.0 = Debug|Any CPU
		{2A7A8044-E4AC-46E7-BCCA-4CFC5D74FAF5}.Release|Any CPU.ActiveCfg = Release|Any CPU
		{2A7A8044-E4AC-46E7-BCCA-4CFC5D74FAF5}.Release|Any CPU.Build.0 = Release|Any CPU
		{2A7A8044-E4AC-46E7-BCCA-4CFC5D74FAF5}.Release|x64.ActiveCfg = Release|Any CPU
		{2A7A8044-E4AC-46E7-BCCA-4CFC5D74FAF5}.Release|x64.Build.0 = Release|Any CPU
		{2A7A8044-E4AC-46E7-BCCA-4CFC5D74FAF5}.Release|x86.ActiveCfg = Release|Any CPU
		{2A7A8044-E4AC-46E7-BCCA-4CFC5D74FAF5}.Release|x86.Build.0 = Release|Any CPU
		{3D29C2C0-4CDB-4BE3-AB32-1BA190B32C44}.Debug|Any CPU.ActiveCfg = Debug|Any CPU
		{3D29C2C0-4CDB-4BE3-AB32-1BA190B32C44}.Debug|Any CPU.Build.0 = Debug|Any CPU
		{3D29C2C0-4CDB-4BE3-AB32-1BA190B32C44}.Debug|x64.ActiveCfg = Debug|Any CPU
		{3D29C2C0-4CDB-4BE3-AB32-1BA190B32C44}.Debug|x64.Build.0 = Debug|Any CPU
		{3D29C2C0-4CDB-4BE3-AB32-1BA190B32C44}.Debug|x86.ActiveCfg = Debug|Any CPU
		{3D29C2C0-4CDB-4BE3-AB32-1BA190B32C44}.Debug|x86.Build.0 = Debug|Any CPU
		{3D29C2C0-4CDB-4BE3-AB32-1BA190B32C44}.Release|Any CPU.ActiveCfg = Release|Any CPU
		{3D29C2C0-4CDB-4BE3-AB32-1BA190B32C44}.Release|Any CPU.Build.0 = Release|Any CPU
		{3D29C2C0-4CDB-4BE3-AB32-1BA190B32C44}.Release|x64.ActiveCfg = Release|Any CPU
		{3D29C2C0-4CDB-4BE3-AB32-1BA190B32C44}.Release|x64.Build.0 = Release|Any CPU
		{3D29C2C0-4CDB-4BE3-AB32-1BA190B32C44}.Release|x86.ActiveCfg = Release|Any CPU
		{3D29C2C0-4CDB-4BE3-AB32-1BA190B32C44}.Release|x86.Build.0 = Release|Any CPU
		{71E8E3DB-7161-4763-A90E-3744403C6FDC}.Debug|Any CPU.ActiveCfg = Debug|Any CPU
		{71E8E3DB-7161-4763-A90E-3744403C6FDC}.Debug|Any CPU.Build.0 = Debug|Any CPU
		{71E8E3DB-7161-4763-A90E-3744403C6FDC}.Debug|x64.ActiveCfg = Debug|Any CPU
		{71E8E3DB-7161-4763-A90E-3744403C6FDC}.Debug|x64.Build.0 = Debug|Any CPU
		{71E8E3DB-7161-4763-A90E-3744403C6FDC}.Debug|x86.ActiveCfg = Debug|Any CPU
		{71E8E3DB-7161-4763-A90E-3744403C6FDC}.Debug|x86.Build.0 = Debug|Any CPU
		{71E8E3DB-7161-4763-A90E-3744403C6FDC}.Release|Any CPU.ActiveCfg = Release|Any CPU
		{71E8E3DB-7161-4763-A90E-3744403C6FDC}.Release|Any CPU.Build.0 = Release|Any CPU
		{71E8E3DB-7161-4763-A90E-3744403C6FDC}.Release|x64.ActiveCfg = Release|Any CPU
		{71E8E3DB-7161-4763-A90E-3744403C6FDC}.Release|x64.Build.0 = Release|Any CPU
		{71E8E3DB-7161-4763-A90E-3744403C6FDC}.Release|x86.ActiveCfg = Release|Any CPU
		{71E8E3DB-7161-4763-A90E-3744403C6FDC}.Release|x86.Build.0 = Release|Any CPU
		{B55FD12C-EF25-47D1-81CB-88E82B1D5472}.Debug|Any CPU.ActiveCfg = Debug|Any CPU
		{B55FD12C-EF25-47D1-81CB-88E82B1D5472}.Debug|Any CPU.Build.0 = Debug|Any CPU
		{B55FD12C-EF25-47D1-81CB-88E82B1D5472}.Debug|x64.ActiveCfg = Debug|Any CPU
		{B55FD12C-EF25-47D1-81CB-88E82B1D5472}.Debug|x64.Build.0 = Debug|Any CPU
		{B55FD12C-EF25-47D1-81CB-88E82B1D5472}.Debug|x86.ActiveCfg = Debug|Any CPU
		{B55FD12C-EF25-47D1-81CB-88E82B1D5472}.Debug|x86.Build.0 = Debug|Any CPU
		{B55FD12C-EF25-47D1-81CB-88E82B1D5472}.Release|Any CPU.ActiveCfg = Release|Any CPU
		{B55FD12C-EF25-47D1-81CB-88E82B1D5472}.Release|Any CPU.Build.0 = Release|Any CPU
		{B55FD12C-EF25-47D1-81CB-88E82B1D5472}.Release|x64.ActiveCfg = Release|Any CPU
		{B55FD12C-EF25-47D1-81CB-88E82B1D5472}.Release|x64.Build.0 = Release|Any CPU
		{B55FD12C-EF25-47D1-81CB-88E82B1D5472}.Release|x86.ActiveCfg = Release|Any CPU
		{B55FD12C-EF25-47D1-81CB-88E82B1D5472}.Release|x86.Build.0 = Release|Any CPU
		{DFF74189-E4F4-457C-9F48-892056A068CA}.Debug|Any CPU.ActiveCfg = Debug|Any CPU
		{DFF74189-E4F4-457C-9F48-892056A068CA}.Debug|Any CPU.Build.0 = Debug|Any CPU
		{DFF74189-E4F4-457C-9F48-892056A068CA}.Debug|x64.ActiveCfg = Debug|Any CPU
		{DFF74189-E4F4-457C-9F48-892056A068CA}.Debug|x64.Build.0 = Debug|Any CPU
		{DFF74189-E4F4-457C-9F48-892056A068CA}.Debug|x86.ActiveCfg = Debug|Any CPU
		{DFF74189-E4F4-457C-9F48-892056A068CA}.Debug|x86.Build.0 = Debug|Any CPU
		{DFF74189-E4F4-457C-9F48-892056A068CA}.Release|Any CPU.ActiveCfg = Release|Any CPU
		{DFF74189-E4F4-457C-9F48-892056A068CA}.Release|Any CPU.Build.0 = Release|Any CPU
		{DFF74189-E4F4-457C-9F48-892056A068CA}.Release|x64.ActiveCfg = Release|Any CPU
		{DFF74189-E4F4-457C-9F48-892056A068CA}.Release|x64.Build.0 = Release|Any CPU
		{DFF74189-E4F4-457C-9F48-892056A068CA}.Release|x86.ActiveCfg = Release|Any CPU
		{DFF74189-E4F4-457C-9F48-892056A068CA}.Release|x86.Build.0 = Release|Any CPU
		{C45A8256-6A24-462D-A61B-9BE8756916F7}.Debug|Any CPU.ActiveCfg = Debug|Any CPU
		{C45A8256-6A24-462D-A61B-9BE8756916F7}.Debug|Any CPU.Build.0 = Debug|Any CPU
		{C45A8256-6A24-462D-A61B-9BE8756916F7}.Debug|x64.ActiveCfg = Debug|Any CPU
		{C45A8256-6A24-462D-A61B-9BE8756916F7}.Debug|x64.Build.0 = Debug|Any CPU
		{C45A8256-6A24-462D-A61B-9BE8756916F7}.Debug|x86.ActiveCfg = Debug|Any CPU
		{C45A8256-6A24-462D-A61B-9BE8756916F7}.Debug|x86.Build.0 = Debug|Any CPU
		{C45A8256-6A24-462D-A61B-9BE8756916F7}.Release|Any CPU.ActiveCfg = Release|Any CPU
		{C45A8256-6A24-462D-A61B-9BE8756916F7}.Release|Any CPU.Build.0 = Release|Any CPU
		{C45A8256-6A24-462D-A61B-9BE8756916F7}.Release|x64.ActiveCfg = Release|Any CPU
		{C45A8256-6A24-462D-A61B-9BE8756916F7}.Release|x64.Build.0 = Release|Any CPU
		{C45A8256-6A24-462D-A61B-9BE8756916F7}.Release|x86.ActiveCfg = Release|Any CPU
		{C45A8256-6A24-462D-A61B-9BE8756916F7}.Release|x86.Build.0 = Release|Any CPU
		{45EF1580-9E25-4575-86B4-629E87B774CA}.Debug|Any CPU.ActiveCfg = Debug|Any CPU
		{45EF1580-9E25-4575-86B4-629E87B774CA}.Debug|Any CPU.Build.0 = Debug|Any CPU
		{45EF1580-9E25-4575-86B4-629E87B774CA}.Debug|x64.ActiveCfg = Debug|Any CPU
		{45EF1580-9E25-4575-86B4-629E87B774CA}.Debug|x64.Build.0 = Debug|Any CPU
		{45EF1580-9E25-4575-86B4-629E87B774CA}.Debug|x86.ActiveCfg = Debug|Any CPU
		{45EF1580-9E25-4575-86B4-629E87B774CA}.Debug|x86.Build.0 = Debug|Any CPU
		{45EF1580-9E25-4575-86B4-629E87B774CA}.Release|Any CPU.ActiveCfg = Release|Any CPU
		{45EF1580-9E25-4575-86B4-629E87B774CA}.Release|Any CPU.Build.0 = Release|Any CPU
		{45EF1580-9E25-4575-86B4-629E87B774CA}.Release|x64.ActiveCfg = Release|Any CPU
		{45EF1580-9E25-4575-86B4-629E87B774CA}.Release|x64.Build.0 = Release|Any CPU
		{45EF1580-9E25-4575-86B4-629E87B774CA}.Release|x86.ActiveCfg = Release|Any CPU
		{45EF1580-9E25-4575-86B4-629E87B774CA}.Release|x86.Build.0 = Release|Any CPU
		{F23053B6-5B2A-48DB-8AD3-7F66FB22DB8A}.Debug|Any CPU.ActiveCfg = Debug|Any CPU
		{F23053B6-5B2A-48DB-8AD3-7F66FB22DB8A}.Debug|Any CPU.Build.0 = Debug|Any CPU
		{F23053B6-5B2A-48DB-8AD3-7F66FB22DB8A}.Debug|x64.ActiveCfg = Debug|Any CPU
		{F23053B6-5B2A-48DB-8AD3-7F66FB22DB8A}.Debug|x64.Build.0 = Debug|Any CPU
		{F23053B6-5B2A-48DB-8AD3-7F66FB22DB8A}.Debug|x86.ActiveCfg = Debug|Any CPU
		{F23053B6-5B2A-48DB-8AD3-7F66FB22DB8A}.Debug|x86.Build.0 = Debug|Any CPU
		{F23053B6-5B2A-48DB-8AD3-7F66FB22DB8A}.Release|Any CPU.ActiveCfg = Release|Any CPU
		{F23053B6-5B2A-48DB-8AD3-7F66FB22DB8A}.Release|Any CPU.Build.0 = Release|Any CPU
		{F23053B6-5B2A-48DB-8AD3-7F66FB22DB8A}.Release|x64.ActiveCfg = Release|Any CPU
		{F23053B6-5B2A-48DB-8AD3-7F66FB22DB8A}.Release|x64.Build.0 = Release|Any CPU
		{F23053B6-5B2A-48DB-8AD3-7F66FB22DB8A}.Release|x86.ActiveCfg = Release|Any CPU
		{F23053B6-5B2A-48DB-8AD3-7F66FB22DB8A}.Release|x86.Build.0 = Release|Any CPU
		{B6355D59-8CEE-40C3-809C-E538189BCDC6}.Debug|Any CPU.ActiveCfg = Debug|Any CPU
		{B6355D59-8CEE-40C3-809C-E538189BCDC6}.Debug|Any CPU.Build.0 = Debug|Any CPU
		{B6355D59-8CEE-40C3-809C-E538189BCDC6}.Debug|x64.ActiveCfg = Debug|Any CPU
		{B6355D59-8CEE-40C3-809C-E538189BCDC6}.Debug|x64.Build.0 = Debug|Any CPU
		{B6355D59-8CEE-40C3-809C-E538189BCDC6}.Debug|x86.ActiveCfg = Debug|Any CPU
		{B6355D59-8CEE-40C3-809C-E538189BCDC6}.Debug|x86.Build.0 = Debug|Any CPU
		{B6355D59-8CEE-40C3-809C-E538189BCDC6}.Release|Any CPU.ActiveCfg = Release|Any CPU
		{B6355D59-8CEE-40C3-809C-E538189BCDC6}.Release|Any CPU.Build.0 = Release|Any CPU
		{B6355D59-8CEE-40C3-809C-E538189BCDC6}.Release|x64.ActiveCfg = Release|Any CPU
		{B6355D59-8CEE-40C3-809C-E538189BCDC6}.Release|x64.Build.0 = Release|Any CPU
		{B6355D59-8CEE-40C3-809C-E538189BCDC6}.Release|x86.ActiveCfg = Release|Any CPU
		{B6355D59-8CEE-40C3-809C-E538189BCDC6}.Release|x86.Build.0 = Release|Any CPU
	EndGlobalSection
	GlobalSection(SolutionProperties) = preSolution
		HideSolutionNode = FALSE
	EndGlobalSection
	GlobalSection(NestedProjects) = preSolution
		{C8417A18-67DA-4F5F-9B66-65B9112EFC82} = {D1D71B6B-AD2B-4719-8D6B-2FC05A5DB6AB}
		{F503A127-34DB-4CEA-9E5E-04D406601467} = {D1D71B6B-AD2B-4719-8D6B-2FC05A5DB6AB}
		{E5971232-B20C-4C13-8167-65DF36F26A1A} = {D1D71B6B-AD2B-4719-8D6B-2FC05A5DB6AB}
		{D4F71B22-EB40-42EC-9049-481AF8D35CA8} = {D1D71B6B-AD2B-4719-8D6B-2FC05A5DB6AB}
		{07592FF3-7D3A-4E19-BC2E-66F6772121BB} = {D1D71B6B-AD2B-4719-8D6B-2FC05A5DB6AB}
		{7F577448-A64A-460C-AFDA-D68B2CED0BF3} = {D1D71B6B-AD2B-4719-8D6B-2FC05A5DB6AB}
		{2A7A8044-E4AC-46E7-BCCA-4CFC5D74FAF5} = {D1D71B6B-AD2B-4719-8D6B-2FC05A5DB6AB}
		{3D29C2C0-4CDB-4BE3-AB32-1BA190B32C44} = {D1D71B6B-AD2B-4719-8D6B-2FC05A5DB6AB}
		{71E8E3DB-7161-4763-A90E-3744403C6FDC} = {D1D71B6B-AD2B-4719-8D6B-2FC05A5DB6AB}
		{B55FD12C-EF25-47D1-81CB-88E82B1D5472} = {7D9FF154-E484-49B4-986E-7740CAAB3E7D}
		{DFF74189-E4F4-457C-9F48-892056A068CA} = {7D9FF154-E484-49B4-986E-7740CAAB3E7D}
		{C45A8256-6A24-462D-A61B-9BE8756916F7} = {2C686053-F7E2-4DC8-A159-22C132D6E36D}
		{45EF1580-9E25-4575-86B4-629E87B774CA} = {2C686053-F7E2-4DC8-A159-22C132D6E36D}
		{F23053B6-5B2A-48DB-8AD3-7F66FB22DB8A} = {5481C66F-B238-400F-A8C1-E14D758D0D94}
		{B6355D59-8CEE-40C3-809C-E538189BCDC6} = {5481C66F-B238-400F-A8C1-E14D758D0D94}
	EndGlobalSection
	GlobalSection(ExtensibilityGlobals) = postSolution
		SolutionGuid = {224450DA-6EF5-4E31-A951-5B21A23EF16F}
	EndGlobalSection
EndGlobal
